
Microsoft Visual Studio Solution File, Format Version 12.00
Project("{FAE04EC0-301F-11D3-BF4B-00C04F79EFBC}") = "PrzykładowyKolos2", "PrzykładowyKolos2\PrzykładowyKolos2.csproj", "{9BA919A6-E5F9-4EF7-ACC9-2F08397127BD}"
EndProject
Global
	GlobalSection(SolutionConfigurationPlatforms) = preSolution
		Debug|Any CPU = Debug|Any CPU
		Release|Any CPU = Release|Any CPU
	EndGlobalSection
	GlobalSection(ProjectConfigurationPlatforms) = postSolution
		{9BA919A6-E5F9-4EF7-ACC9-2F08397127BD}.Debug|Any CPU.ActiveCfg = Debug|Any CPU
		{9BA919A6-E5F9-4EF7-ACC9-2F08397127BD}.Debug|Any CPU.Build.0 = Debug|Any CPU
		{9BA919A6-E5F9-4EF7-ACC9-2F08397127BD}.Release|Any CPU.ActiveCfg = Release|Any CPU
		{9BA919A6-E5F9-4EF7-ACC9-2F08397127BD}.Release|Any CPU.Build.0 = Release|Any CPU
	EndGlobalSection
EndGlobal
